// !$*UTF8*$!
{
	archiveVersion = 1;
	classes = {
	};
	objectVersion = 46;
	objects = {

/* Begin PBXBuildFile section */
		9E0719FA1C4DD75A00CC2851 /* 54321.mp3 in Resources */ = {isa = PBXBuildFile; fileRef = 9E0719F71C4DD75A00CC2851 /* 54321.mp3 */; };
		9E0719FB1C4DD75A00CC2851 /* go.mp3 in Resources */ = {isa = PBXBuildFile; fileRef = 9E0719F81C4DD75A00CC2851 /* go.mp3 */; };
		9E0719FC1C4DD75A00CC2851 /* recover.mp3 in Resources */ = {isa = PBXBuildFile; fileRef = 9E0719F91C4DD75A00CC2851 /* recover.mp3 */; };
		9E0719FF1C4DDA9600CC2851 /* Icon.png in Resources */ = {isa = PBXBuildFile; fileRef = 9E0719FD1C4DDA9600CC2851 /* Icon.png */; };
		9E071A001C4DDA9600CC2851 /* Icon@2x.png in Resources */ = {isa = PBXBuildFile; fileRef = 9E0719FE1C4DDA9600CC2851 /* Icon@2x.png */; };
		9E0BF34D1C4C7C8500F6B288 /* AppDelegate.swift in Sources */ = {isa = PBXBuildFile; fileRef = 9E0BF34C1C4C7C8500F6B288 /* AppDelegate.swift */; };
		9E0BF34F1C4C7C8500F6B288 /* ViewController.swift in Sources */ = {isa = PBXBuildFile; fileRef = 9E0BF34E1C4C7C8500F6B288 /* ViewController.swift */; };
		9E0BF3521C4C7C8500F6B288 /* Main.storyboard in Resources */ = {isa = PBXBuildFile; fileRef = 9E0BF3501C4C7C8500F6B288 /* Main.storyboard */; };
		9E0BF3541C4C7C8500F6B288 /* Assets.xcassets in Resources */ = {isa = PBXBuildFile; fileRef = 9E0BF3531C4C7C8500F6B288 /* Assets.xcassets */; };
		9E0BF3571C4C7C8500F6B288 /* LaunchScreen.storyboard in Resources */ = {isa = PBXBuildFile; fileRef = 9E0BF3551C4C7C8500F6B288 /* LaunchScreen.storyboard */; };
/* End PBXBuildFile section */

/* Begin PBXFileReference section */
		9E0719F71C4DD75A00CC2851 /* 54321.mp3 */ = {isa = PBXFileReference; lastKnownFileType = audio.mp3; path = 54321.mp3; sourceTree = "<group>"; };
		9E0719F81C4DD75A00CC2851 /* go.mp3 */ = {isa = PBXFileReference; lastKnownFileType = audio.mp3; path = go.mp3; sourceTree = "<group>"; };
		9E0719F91C4DD75A00CC2851 /* recover.mp3 */ = {isa = PBXFileReference; lastKnownFileType = audio.mp3; path = recover.mp3; sourceTree = "<group>"; };
		9E0719FD1C4DDA9600CC2851 /* Icon.png */ = {isa = PBXFileReference; lastKnownFileType = image.png; path = Icon.png; sourceTree = "<group>"; };
		9E0719FE1C4DDA9600CC2851 /* Icon@2x.png */ = {isa = PBXFileReference; lastKnownFileType = image.png; path = "Icon@2x.png"; sourceTree = "<group>"; };
		9E0BF3491C4C7C8500F6B288 /* fitTimer.app */ = {isa = PBXFileReference; explicitFileType = wrapper.application; includeInIndex = 0; path = fitTimer.app; sourceTree = BUILT_PRODUCTS_DIR; };
		9E0BF34C1C4C7C8500F6B288 /* AppDelegate.swift */ = {isa = PBXFileReference; lastKnownFileType = sourcecode.swift; path = AppDelegate.swift; sourceTree = "<group>"; };
		9E0BF34E1C4C7C8500F6B288 /* ViewController.swift */ = {isa = PBXFileReference; lastKnownFileType = sourcecode.swift; path = ViewController.swift; sourceTree = "<group>"; };
		9E0BF3511C4C7C8500F6B288 /* Base */ = {isa = PBXFileReference; lastKnownFileType = file.storyboard; name = Base; path = Base.lproj/Main.storyboard; sourceTree = "<group>"; };
		9E0BF3531C4C7C8500F6B288 /* Assets.xcassets */ = {isa = PBXFileReference; lastKnownFileType = folder.assetcatalog; path = Assets.xcassets; sourceTree = "<group>"; };
		9E0BF3561C4C7C8500F6B288 /* Base */ = {isa = PBXFileReference; lastKnownFileType = file.storyboard; name = Base; path = Base.lproj/LaunchScreen.storyboard; sourceTree = "<group>"; };
		9E0BF3581C4C7C8500F6B288 /* Info.plist */ = {isa = PBXFileReference; lastKnownFileType = text.plist.xml; path = Info.plist; sourceTree = "<group>"; };
/* End PBXFileReference section */

/* Begin PBXFrameworksBuildPhase section */
		9E0BF3461C4C7C8500F6B288 /* Frameworks */ = {
			isa = PBXFrameworksBuildPhase;
			buildActionMask = 2147483647;
			files = (
			);
			runOnlyForDeploymentPostprocessing = 0;
		};
/* End PBXFrameworksBuildPhase section */

/* Begin PBXGroup section */
		9E0BF3401C4C7C8500F6B288 = {
			isa = PBXGroup;
			children = (
				9E0BF34B1C4C7C8500F6B288 /* fitTimer */,
				9E0BF34A1C4C7C8500F6B288 /* Products */,
			);
			sourceTree = "<group>";
		};
		9E0BF34A1C4C7C8500F6B288 /* Products */ = {
			isa = PBXGroup;
			children = (
				9E0BF3491C4C7C8500F6B288 /* fitTimer.app */,
			);
			name = Products;
			sourceTree = "<group>";
		};
		9E0BF34B1C4C7C8500F6B288 /* fitTimer */ = {
			isa = PBXGroup;
			children = (
				9E0719FD1C4DDA9600CC2851 /* Icon.png */,
				9E0719FE1C4DDA9600CC2851 /* Icon@2x.png */,
				9E0719F71C4DD75A00CC2851 /* 54321.mp3 */,
				9E0719F81C4DD75A00CC2851 /* go.mp3 */,
				9E0719F91C4DD75A00CC2851 /* recover.mp3 */,
				9E0BF34C1C4C7C8500F6B288 /* AppDelegate.swift */,
				9E0BF34E1C4C7C8500F6B288 /* ViewController.swift */,
				9E0BF3501C4C7C8500F6B288 /* Main.storyboard */,
				9E0BF3531C4C7C8500F6B288 /* Assets.xcassets */,
				9E0BF3551C4C7C8500F6B288 /* LaunchScreen.storyboard */,
				9E0BF3581C4C7C8500F6B288 /* Info.plist */,
			);
			path = fitTimer;
			sourceTree = "<group>";
		};
/* End PBXGroup section */

/* Begin PBXNativeTarget section */
		9E0BF3481C4C7C8500F6B288 /* fitTimer */ = {
			isa = PBXNativeTarget;
			buildConfigurationList = 9E0BF35B1C4C7C8500F6B288 /* Build configuration list for PBXNativeTarget "fitTimer" */;
			buildPhases = (
				9E0BF3451C4C7C8500F6B288 /* Sources */,
				9E0BF3461C4C7C8500F6B288 /* Frameworks */,
				9E0BF3471C4C7C8500F6B288 /* Resources */,
			);
			buildRules = (
			);
			dependencies = (
			);
			name = fitTimer;
			productName = fitTimer;
			productReference = 9E0BF3491C4C7C8500F6B288 /* fitTimer.app */;
			productType = "com.apple.product-type.application";
		};
/* End PBXNativeTarget section */

/* Begin PBXProject section */
		9E0BF3411C4C7C8500F6B288 /* Project object */ = {
			isa = PBXProject;
			attributes = {
				LastSwiftUpdateCheck = 0720;
				LastUpgradeCheck = 0720;
				ORGANIZATIONNAME = itkang;
				TargetAttributes = {
					9E0BF3481C4C7C8500F6B288 = {
						CreatedOnToolsVersion = 7.2;
						DevelopmentTeam = NDV8PKTQAR;
					};
				};
			};
			buildConfigurationList = 9E0BF3441C4C7C8500F6B288 /* Build configuration list for PBXProject "fitTimer" */;
			compatibilityVersion = "Xcode 3.2";
			developmentRegion = English;
			hasScannedForEncodings = 0;
			knownRegions = (
				en,
				Base,
			);
			mainGroup = 9E0BF3401C4C7C8500F6B288;
			productRefGroup = 9E0BF34A1C4C7C8500F6B288 /* Products */;
			projectDirPath = "";
			projectRoot = "";
			targets = (
				9E0BF3481C4C7C8500F6B288 /* fitTimer */,
			);
		};
/* End PBXProject section */

/* Begin PBXResourcesBuildPhase section */
		9E0BF3471C4C7C8500F6B288 /* Resources */ = {
			isa = PBXResourcesBuildPhase;
			buildActionMask = 2147483647;
			files = (
				9E0719FB1C4DD75A00CC2851 /* go.mp3 in Resources */,
				9E0BF3571C4C7C8500F6B288 /* LaunchScreen.storyboard in Resources */,
				9E0BF3541C4C7C8500F6B288 /* Assets.xcassets in Resources */,
				9E0719FC1C4DD75A00CC2851 /* recover.mp3 in Resources */,
				9E071A001C4DDA9600CC2851 /* Icon@2x.png in Resources */,
				9E0719FA1C4DD75A00CC2851 /* 54321.mp3 in Resources */,
				9E0719FF1C4DDA9600CC2851 /* Icon.png in Resources */,
				9E0BF3521C4C7C8500F6B288 /* Main.storyboard in Resources */,
			);
			runOnlyForDeploymentPostprocessing = 0;
		};
/* End PBXResourcesBuildPhase section */

/* Begin PBXSourcesBuildPhase section */
		9E0BF3451C4C7C8500F6B288 /* Sources */ = {
			isa = PBXSourcesBuildPhase;
			buildActionMask = 2147483647;
			files = (
				9E0BF34F1C4C7C8500F6B288 /* ViewController.swift in Sources */,
				9E0BF34D1C4C7C8500F6B288 /* AppDelegate.swift in Sources */,
			);
			runOnlyForDeploymentPostprocessing = 0;
		};
/* End PBXSourcesBuildPhase section */

/* Begin PBXVariantGroup section */
		9E0BF3501C4C7C8500F6B288 /* Main.storyboard */ = {
			isa = PBXVariantGroup;
			children = (
				9E0BF3511C4C7C8500F6B288 /* Base */,
			);
			name = Main.storyboard;
			sourceTree = "<group>";
		};
		9E0BF3551C4C7C8500F6B288 /* LaunchScreen.storyboard */ = {
			isa = PBXVariantGroup;
			children = (
				9E0BF3561C4C7C8500F6B288 /* Base */,
			);
			name = LaunchScreen.storyboard;
			sourceTree = "<group>";
		};
/* End PBXVariantGroup section */

/* Begin XCBuildConfiguration section */
		9E0BF3591C4C7C8500F6B288 /* Debug */ = {
			isa = XCBuildConfiguration;
			buildSettings = {
				ALWAYS_SEARCH_USER_PATHS = NO;
				CLANG_CXX_LANGUAGE_STANDARD = "gnu++0x";
				CLANG_CXX_LIBRARY = "libc++";
				CLANG_ENABLE_MODULES = YES;
				CLANG_ENABLE_OBJC_ARC = YES;
				CLANG_WARN_BOOL_CONVERSION = YES;
				CLANG_WARN_CONSTANT_CONVERSION = YES;
				CLANG_WARN_DIRECT_OBJC_ISA_USAGE = YES_ERROR;
				CLANG_WARN_EMPTY_BODY = YES;
				CLANG_WARN_ENUM_CONVERSION = YES;
				CLANG_WARN_INT_CONVERSION = YES;
				CLANG_WARN_OBJC_ROOT_CLASS = YES_ERROR;
				CLANG_WARN_UNREACHABLE_CODE = YES;
				CLANG_WARN__DUPLICATE_METHOD_MATCH = YES;
				"CODE_SIGN_IDENTITY[sdk=iphoneos*]" = "iPhone Developer";
				COPY_PHASE_STRIP = NO;
				DEBUG_INFORMATION_FORMAT = dwarf;
				ENABLE_STRICT_OBJC_MSGSEND = YES;
				ENABLE_TESTABILITY = YES;
				GCC_C_LANGUAGE_STANDARD = gnu99;
				GCC_DYNAMIC_NO_PIC = NO;
				GCC_NO_COMMON_BLOCKS = YES;
				GCC_OPTIMIZATION_LEVEL = 0;
				GCC_PREPROCESSOR_DEFINITIONS = (
					"DEBUG=1",
					"$(inherited)",
				);
				GCC_WARN_64_TO_32_BIT_CONVERSION = YES;
				GCC_WARN_ABOUT_RETURN_TYPE = YES_ERROR;
				GCC_WARN_UNDECLARED_SELECTOR = YES;
				GCC_WARN_UNINITIALIZED_AUTOS = YES_AGGRESSIVE;
				GCC_WARN_UNUSED_FUNCTION = YES;
				GCC_WARN_UNUSED_VARIABLE = YES;
				IPHONEOS_DEPLOYMENT_TARGET = 9.2;
				MTL_ENABLE_DEBUG_INFO = YES;
				ONLY_ACTIVE_ARCH = YES;
				SDKROOT = iphoneos;
				SWIFT_OPTIMIZATION_LEVEL = "-Onone";
			};
			name = Debug;
		};
		9E0BF35A1C4C7C8500F6B288 /* Release */ = {
			isa = XCBuildConfiguration;
			buildSettings = {
				ALWAYS_SEARCH_USER_PATHS = NO;
				CLANG_CXX_LANGUAGE_STANDARD = "gnu++0x";
				CLANG_CXX_LIBRARY = "libc++";
				CLANG_ENABLE_MODULES = YES;
				CLANG_ENABLE_OBJC_ARC = YES;
				CLANG_WARN_BOOL_CONVERSION = YES;
				CLANG_WARN_CONSTANT_CONVERSION = YES;
				CLANG_WARN_DIRECT_OBJC_ISA_USAGE = YES_ERROR;
				CLANG_WARN_EMPTY_BODY = YES;
				CLANG_WARN_ENUM_CONVERSION = YES;
				CLANG_WARN_INT_CONVERSION = YES;
				CLANG_WARN_OBJC_ROOT_CLASS = YES_ERROR;
				CLANG_WARN_UNREACHABLE_CODE = YES;
				CLANG_WARN__DUPLICATE_METHOD_MATCH = YES;
				"CODE_SIGN_IDENTITY[sdk=iphoneos*]" = "iPhone Developer";
				COPY_PHASE_STRIP = NO;
				DEBUG_INFORMATION_FORMAT = "dwarf-with-dsym";
				ENABLE_NS_ASSERTIONS = NO;
				ENABLE_STRICT_OBJC_MSGSEND = YES;
				GCC_C_LANGUAGE_STANDARD = gnu99;
				GCC_NO_COMMON_BLOCKS = YES;
				GCC_WARN_64_TO_32_BIT_CONVERSION = YES;
				GCC_WARN_ABOUT_RETURN_TYPE = YES_ERROR;
				GCC_WARN_UNDECLARED_SELECTOR = YES;
				GCC_WARN_UNINITIALIZED_AUTOS = YES_AGGRESSIVE;
				GCC_WARN_UNUSED_FUNCTION = YES;
				GCC_WARN_UNUSED_VARIABLE = YES;
				IPHONEOS_DEPLOYMENT_TARGET = 9.2;
				MTL_ENABLE_DEBUG_INFO = NO;
				SDKROOT = iphoneos;
				VALIDATE_PRODUCT = YES;
			};
			name = Release;
		};
		9E0BF35C1C4C7C8500F6B288 /* Debug */ = {
			isa = XCBuildConfiguration;
			buildSettings = {
				ASSETCATALOG_COMPILER_APPICON_NAME = AppIcon;
				CODE_SIGN_IDENTITY = "iPhone Developer: itkang@126.com (B7BPM7B32U)";
				"CODE_SIGN_IDENTITY[sdk=iphoneos*]" = "iPhone Developer: itkang@126.com (B7BPM7B32U)";
				INFOPLIST_FILE = fitTimer/Info.plist;
				LD_RUNPATH_SEARCH_PATHS = "$(inherited) @executable_path/Frameworks";
				PRODUCT_BUNDLE_IDENTIFIER = com.itkang.fitTimer;
				PRODUCT_NAME = "$(TARGET_NAME)";
				PROVISIONING_PROFILE = "";
			};
			name = Debug;
		};
		9E0BF35D1C4C7C8500F6B288 /* Release */ = {
			isa = XCBuildConfiguration;
			buildSettings = {
				ASSETCATALOG_COMPILER_APPICON_NAME = AppIcon;
				CODE_SIGN_IDENTITY = "iPhone Developer: itkang@126.com (B7BPM7B32U)";
				"CODE_SIGN_IDENTITY[sdk=iphoneos*]" = "iPhone Developer";
				INFOPLIST_FILE = fitTimer/Info.plist;
				LD_RUNPATH_SEARCH_PATHS = "$(inherited) @executable_path/Frameworks";
				PRODUCT_BUNDLE_IDENTIFIER = com.itkang.fitTimer;
				PRODUCT_NAME = "$(TARGET_NAME)";
				PROVISIONING_PROFILE = "";
			};
			name = Release;
		};
/* End XCBuildConfiguration section */

/* Begin XCConfigurationList section */
		9E0BF3441C4C7C8500F6B288 /* Build configuration list for PBXProject "fitTimer" */ = {
			isa = XCConfigurationList;
			buildConfigurations = (
				9E0BF3591C4C7C8500F6B288 /* Debug */,
				9E0BF35A1C4C7C8500F6B288 /* Release */,
			);
			defaultConfigurationIsVisible = 0;
			defaultConfigurationName = Release;
		};
		9E0BF35B1C4C7C8500F6B288 /* Build configuration list for PBXNativeTarget "fitTimer" */ = {
			isa = XCConfigurationList;
			buildConfigurations = (
				9E0BF35C1C4C7C8500F6B288 /* Debug */,
				9E0BF35D1C4C7C8500F6B288 /* Release */,
			);
			defaultConfigurationIsVisible = 0;
			defaultConfigurationName = Release;
		};
/* End XCConfigurationList section */
	};
	rootObject = 9E0BF3411C4C7C8500F6B288 /* Project object */;
}
